<Solution>
  <Folder Name="/src/">
    <Project Path="src/ElavonPaymentsNet/ElavonPaymentsNet.csproj" />
  </Folder>
  <Folder Name="/tests/">
    <Project Path="tests/ElavonPaymentsNet.Tests/ElavonPaymentsNet.Tests.csproj" />
  </Folder>
  <Folder Name="/playground/">
    <Project Path="playground/ElavonPaymentsNet.Playground/ElavonPaymentsNet.Playground.csproj" />
  </Folder>
</Solution>
